{
  "": {
    "dependencies": {
      "cpp_zlib": "_deps/cpp_zlib", 
      "json": "_deps/json", 
      "libhttp": "_deps/libhttp", 
      "openssl_vc14": "_deps/openssl_vc14", 
      "string_utils": "_deps/string_utils", 
      "string_view": "_deps/string_view"
    }
  }, 
  "_deps/cpp_zlib": {
    "commit": "2345d2b6c05ad4b86f27d8e3948009643887ea48", 
    "dependencies": {
      "zlib": "_deps/zlib"
    }, 
    "type": "git", 
    "url": "https://github.com/avakar/cpp_zlib.git"
  }, 
  "_deps/json": {
    "commit": "c0d511ea500e698061a4b288bd77ce43bd76fa70", 
    "type": "git", 
    "url": "https://github.com/nlohmann/json.git"
  }, 
  "_deps/libhttp": {
    "commit": "bd0fe201f2ca3b41d355941a59d442a4e9b37445", 
    "dependencies": {
      "string_view": "_deps/string_view"
    }, 
    "type": "git", 
    "url": "https://github.com/avakar/libhttp.git"
  }, 
  "_deps/openssl_vc14": {
    "commit": "20be274a43ad891a2db15da384e1cc3e52bb9ef6", 
    "type": "git", 
    "url": "https://github.com/avakar/openssl_vc14.git"
  }, 
  "_deps/string_utils": {
    "commit": "3ce1a559530e3cc85740d6fe890acc43b78976e7", 
    "dependencies": {
      "string_view": "_deps/string_view"
    }, 
    "type": "git", 
    "url": "https://github.com/avakar/string_utils.git"
  }, 
  "_deps/string_view": {
    "commit": "2307c79c149d6075c23bb7d9db300bb0ecc75dc6", 
    "type": "git", 
    "url": "https://github.com/avakar/string_view.git"
  }, 
  "_deps/zlib": {
    "commit": "cacf7f1d4e3d44d871b605da3b647f07d718623f", 
    "type": "git", 
    "url": "https://github.com/madler/zlib.git"
  }
}