{
  "": {
    "dependencies": {
      "cpp_zlib": "_deps/cpp_zlib", 
      "json": "_deps/json", 
      "libhttp": "_deps/libhttp", 
      "openssl_vc14": "_deps/openssl_vc14", 
      "string_utils": "_deps/string_utils", 
      "string_view": "_deps/string_view"
    }
  }, 
  "_deps/cpp_zlib": {
    "commit": "3eb1dc25365869db2e7f28dbb1e1c3b51ce49152", 
    "dependencies": {
      "zlib": "_deps/zlib"
    }, 
    "type": "git", 
    "url": "https://github.com/avakar/cpp_zlib.git"
  }, 
  "_deps/json": {
    "commit": "c0d511ea500e698061a4b288bd77ce43bd76fa70", 
    "type": "git", 
    "url": "https://github.com/nlohmann/json.git"
  }, 
  "_deps/libhttp": {
    "commit": "85cc205ad3e48c717456df1bc9b981161e9c72ef", 
    "dependencies": {
      "libstream": "_deps/libstream", 
      "string_utils": "_deps/string_utils", 
      "string_view": "_deps/string_view"
    }, 
    "type": "git", 
    "url": "https://github.com/avakar/libhttp.git"
  }, 
  "_deps/libstream": {
    "commit": "12ff67b3a45424e6bf64d68810201bc7da809c35", 
    "dependencies": {
      "string_view": "_deps/string_view"
    }, 
    "type": "git", 
    "url": "git@github.com:avakar/libstream.git"
  }, 
  "_deps/openssl_vc14": {
    "commit": "20be274a43ad891a2db15da384e1cc3e52bb9ef6", 
    "type": "git", 
    "url": "https://github.com/avakar/openssl_vc14.git"
  }, 
  "_deps/string_utils": {
    "commit": "ae234b8980881d9f87e15f7bb86f1aacf6855255", 
    "dependencies": {
      "string_view": "_deps/string_view"
    }, 
    "type": "git", 
    "url": "https://github.com/avakar/string_utils.git"
  }, 
  "_deps/string_view": {
    "commit": "eeb80ca27ad32a89a980bcd116b032d727bbbf2e", 
    "type": "git", 
    "url": "https://github.com/avakar/string_view.git"
  }, 
  "_deps/zlib": {
    "commit": "cacf7f1d4e3d44d871b605da3b647f07d718623f", 
    "type": "git", 
    "url": "https://github.com/madler/zlib.git"
  }
}