{
  "": {
    "dependencies": {
      "cpp_zlib": "_deps/cpp_zlib", 
      "json": "_deps/json", 
      "libhttp": "_deps/libhttp", 
      "openssl_vc14": "_deps/openssl_vc14", 
      "string_view": "_deps/string_view"
    }
  }, 
  "_deps/cpp_zlib": {
    "commit": "758b7413ca5706e89fc3749b69c1fd62a8d12030", 
    "dependencies": {
      "zlib": "_deps/zlib"
    }, 
    "type": "git", 
    "url": "https://github.com/avakar/cpp_zlib.git"
  }, 
  "_deps/json": {
    "commit": "9f6c86f23317ccc67429be779a6f17855c6e5a0b", 
    "type": "git", 
    "url": "https://github.com/nlohmann/json.git"
  }, 
  "_deps/libhttp": {
    "commit": "9b4fa1e1674a484f8dc279631623e2258a81ca1d", 
    "dependencies": {
      "string_view": "_deps/string_view"
    }, 
    "type": "git", 
    "url": "https://github.com/avakar/libhttp.git"
  }, 
  "_deps/openssl_vc14": {
    "commit": "20be274a43ad891a2db15da384e1cc3e52bb9ef6", 
    "type": "git", 
    "url": "https://github.com/avakar/openssl_vc14.git"
  }, 
  "_deps/string_view": {
    "commit": "246c0989bcd14f4538323a3b41060272d8fa0cc0", 
    "type": "git", 
    "url": "https://github.com/avakar/string_view.git"
  }, 
  "_deps/zlib": {
    "commit": "4a090adef8c773087ec8916ad3c2236ef560df27", 
    "type": "git", 
    "url": "https://github.com/madler/zlib.git"
  }
}