
Microsoft Visual Studio Solution File, Format Version 12.00
# Visual Studio 14
VisualStudioVersion = 14.0.25420.1
MinimumVisualStudioVersion = 10.0.40219.1
Project("{8BC9CEB8-8B4A-11D0-8D11-00A0C91BC942}") = "remote_test_agent", "remote_test_agent.vcxproj", "{7BDD619E-818A-48BC-86EF-E9BC1E8F8F24}"
EndProject
Project("{8BC9CEB8-8B4A-11D0-8D11-00A0C91BC942}") = "zlib", "_deps\cpp_zlib\zlib.vcxproj", "{511FC7BD-EF84-49A1-B8CB-25E5F4959B15}"
EndProject
Project("{888888A0-9F3D-457C-B088-3A5042F75D52}") = "unhuff", "unhuff.pyproj", "{F39D7825-40F3-4CD8-9DA9-6C80F47277AF}"
EndProject
Global
	GlobalSection(SolutionConfigurationPlatforms) = preSolution
		Debug|Any CPU = Debug|Any CPU
		Debug|x64 = Debug|x64
		Debug|x86 = Debug|x86
		Release|Any CPU = Release|Any CPU
		Release|x64 = Release|x64
		Release|x86 = Release|x86
	EndGlobalSection
	GlobalSection(ProjectConfigurationPlatforms) = postSolution
		{7BDD619E-818A-48BC-86EF-E9BC1E8F8F24}.Debug|Any CPU.ActiveCfg = Debug|Win32
		{7BDD619E-818A-48BC-86EF-E9BC1E8F8F24}.Debug|x64.ActiveCfg = Debug|x64
		{7BDD619E-818A-48BC-86EF-E9BC1E8F8F24}.Debug|x64.Build.0 = Debug|x64
		{7BDD619E-818A-48BC-86EF-E9BC1E8F8F24}.Debug|x86.ActiveCfg = Debug|Win32
		{7BDD619E-818A-48BC-86EF-E9BC1E8F8F24}.Debug|x86.Build.0 = Debug|Win32
		{7BDD619E-818A-48BC-86EF-E9BC1E8F8F24}.Release|Any CPU.ActiveCfg = Release|Win32
		{7BDD619E-818A-48BC-86EF-E9BC1E8F8F24}.Release|x64.ActiveCfg = Release|x64
		{7BDD619E-818A-48BC-86EF-E9BC1E8F8F24}.Release|x64.Build.0 = Release|x64
		{7BDD619E-818A-48BC-86EF-E9BC1E8F8F24}.Release|x86.ActiveCfg = Release|Win32
		{7BDD619E-818A-48BC-86EF-E9BC1E8F8F24}.Release|x86.Build.0 = Release|Win32
		{511FC7BD-EF84-49A1-B8CB-25E5F4959B15}.Debug|Any CPU.ActiveCfg = Debug|Win32
		{511FC7BD-EF84-49A1-B8CB-25E5F4959B15}.Debug|x64.ActiveCfg = Debug|x64
		{511FC7BD-EF84-49A1-B8CB-25E5F4959B15}.Debug|x64.Build.0 = Debug|x64
		{511FC7BD-EF84-49A1-B8CB-25E5F4959B15}.Debug|x86.ActiveCfg = Debug|Win32
		{511FC7BD-EF84-49A1-B8CB-25E5F4959B15}.Debug|x86.Build.0 = Debug|Win32
		{511FC7BD-EF84-49A1-B8CB-25E5F4959B15}.Release|Any CPU.ActiveCfg = Release|Win32
		{511FC7BD-EF84-49A1-B8CB-25E5F4959B15}.Release|x64.ActiveCfg = Release|x64
		{511FC7BD-EF84-49A1-B8CB-25E5F4959B15}.Release|x64.Build.0 = Release|x64
		{511FC7BD-EF84-49A1-B8CB-25E5F4959B15}.Release|x86.ActiveCfg = Release|Win32
		{511FC7BD-EF84-49A1-B8CB-25E5F4959B15}.Release|x86.Build.0 = Release|Win32
		{F39D7825-40F3-4CD8-9DA9-6C80F47277AF}.Debug|Any CPU.ActiveCfg = Debug|Any CPU
		{F39D7825-40F3-4CD8-9DA9-6C80F47277AF}.Debug|x64.ActiveCfg = Debug|Any CPU
		{F39D7825-40F3-4CD8-9DA9-6C80F47277AF}.Debug|x86.ActiveCfg = Debug|Any CPU
		{F39D7825-40F3-4CD8-9DA9-6C80F47277AF}.Release|Any CPU.ActiveCfg = Release|Any CPU
		{F39D7825-40F3-4CD8-9DA9-6C80F47277AF}.Release|x64.ActiveCfg = Release|Any CPU
		{F39D7825-40F3-4CD8-9DA9-6C80F47277AF}.Release|x86.ActiveCfg = Release|Any CPU
	EndGlobalSection
	GlobalSection(SolutionProperties) = preSolution
		HideSolutionNode = FALSE
	EndGlobalSection
EndGlobal
