<?xml version="1.0" encoding="utf-8"?>
<Project ToolsVersion="4.0" xmlns="http://schemas.microsoft.com/developer/msbuild/2003">
  <ItemGroup>
    <ClInclude Include="http_server.hpp" />
    <ClInclude Include="stream.hpp" />
    <ClInclude Include="utils.hpp" />
    <ClInclude Include="win32_socket.hpp" />
    <ClInclude Include="file.hpp" />
    <ClInclude Include="chan.hpp" />
    <ClInclude Include="win32_error.hpp" />
    <ClInclude Include="tar.hpp" />
    <ClInclude Include="argparse.hpp" />
    <ClInclude Include="process.hpp" />
    <ClInclude Include="utf.hpp" />
    <ClInclude Include="guid.hpp" />
    <ClInclude Include="format.hpp" />
    <ClInclude Include="format_impl.hpp" />
    <ClInclude Include="known_paths.hpp" />
    <ClInclude Include="tls.hpp" />
  </ItemGroup>
  <ItemGroup>
    <ClCompile Include="main.cpp" />
    <ClCompile Include="http_server.cpp" />
    <ClCompile Include="win32_socket.cpp" />
    <ClCompile Include="win32_file.cpp" />
    <ClCompile Include="win32_chan.cpp" />
    <ClCompile Include="tar.cpp" />
    <ClCompile Include="utils.cpp" />
    <ClCompile Include="argparse.cpp" />
    <ClCompile Include="stream.cpp" />
    <ClCompile Include="win32_process.cpp" />
    <ClCompile Include="utf.cpp" />
    <ClCompile Include="win32_error.cpp" />
    <ClCompile Include="guid.cpp" />
    <ClCompile Include="known_paths.cpp" />
    <ClCompile Include="tls.cpp" />
    <ClCompile Include="http2_server.cpp" />
  </ItemGroup>
</Project>